
Microsoft Visual Studio Solution File, Format Version 12.00
# Visual Studio Version 16
VisualStudioVersion = 16.0.30104.148
MinimumVisualStudioVersion = 10.0.40219.1
Project("{9A19103F-16F7-4668-BE54-9A1E7A4F7556}") = "JobAgent", "JobAgent.csproj", "{6801DD7A-DF44-4F20-A0CA-259F85640C8A}"
EndProject
Project("{9A19103F-16F7-4668-BE54-9A1E7A4F7556}") = "DataAccess", "..\Database\DataAccess.csproj", "{15CB6A32-3E24-4F67-93A0-E1FDD7DBD219}"
EndProject
Project("{9A19103F-16F7-4668-BE54-9A1E7A4F7556}") = "DataAccessTests", "..\DatabaseTests\DataAccessTests.csproj", "{E55DF47B-8068-4D9A-AFAC-E953CFDBEEBA}"
EndProject
Project("{9A19103F-16F7-4668-BE54-9A1E7A4F7556}") = "Pocos", "..\Pocos\Pocos.csproj", "{EC3E9FED-79A0-4E31-A097-871C9C2BA75F}"
EndProject
Project("{9A19103F-16F7-4668-BE54-9A1E7A4F7556}") = "SecurityAccess", "..\SecurityAccess\SecurityAccess.csproj", "{4CA88E54-131C-49D7-9EE0-8602475F331E}"
EndProject
Project("{9A19103F-16F7-4668-BE54-9A1E7A4F7556}") = "WebsiteV2", "..\WebsiteV2\WebsiteV2.csproj", "{6BDE31B8-DCAE-4B24-BF58-B8BB77FA8680}"
EndProject
Project("{9A19103F-16F7-4668-BE54-9A1E7A4F7556}") = "ObjectLibrary", "..\ObjectLibrary\ObjectLibrary.csproj", "{9C8D9D60-F3FC-484D-BA1E-C8060BC19C4C}"
EndProject
Project("{9A19103F-16F7-4668-BE54-9A1E7A4F7556}") = "SecurityLibrary", "..\SecurityLibrary\SecurityLibrary.csproj", "{353F3B7A-68CE-4C5B-886A-6B951DF4951B}"
EndProject
Project("{9A19103F-16F7-4668-BE54-9A1E7A4F7556}") = "SqlDataAccessLibrary", "..\SqlDataAccessLibrary\SqlDataAccessLibrary.csproj", "{ADB39A30-55F0-4AA7-95E3-E1323D881F89}"
EndProject
Global
	GlobalSection(SolutionConfigurationPlatforms) = preSolution
		Debug|Any CPU = Debug|Any CPU
		Release|Any CPU = Release|Any CPU
	EndGlobalSection
	GlobalSection(ProjectConfigurationPlatforms) = postSolution
		{6801DD7A-DF44-4F20-A0CA-259F85640C8A}.Debug|Any CPU.ActiveCfg = Debug|Any CPU
		{6801DD7A-DF44-4F20-A0CA-259F85640C8A}.Debug|Any CPU.Build.0 = Debug|Any CPU
		{6801DD7A-DF44-4F20-A0CA-259F85640C8A}.Release|Any CPU.ActiveCfg = Release|Any CPU
		{6801DD7A-DF44-4F20-A0CA-259F85640C8A}.Release|Any CPU.Build.0 = Release|Any CPU
		{15CB6A32-3E24-4F67-93A0-E1FDD7DBD219}.Debug|Any CPU.ActiveCfg = Debug|Any CPU
		{15CB6A32-3E24-4F67-93A0-E1FDD7DBD219}.Debug|Any CPU.Build.0 = Debug|Any CPU
		{15CB6A32-3E24-4F67-93A0-E1FDD7DBD219}.Release|Any CPU.ActiveCfg = Release|Any CPU
		{15CB6A32-3E24-4F67-93A0-E1FDD7DBD219}.Release|Any CPU.Build.0 = Release|Any CPU
		{E55DF47B-8068-4D9A-AFAC-E953CFDBEEBA}.Debug|Any CPU.ActiveCfg = Debug|Any CPU
		{E55DF47B-8068-4D9A-AFAC-E953CFDBEEBA}.Debug|Any CPU.Build.0 = Debug|Any CPU
		{E55DF47B-8068-4D9A-AFAC-E953CFDBEEBA}.Release|Any CPU.ActiveCfg = Release|Any CPU
		{E55DF47B-8068-4D9A-AFAC-E953CFDBEEBA}.Release|Any CPU.Build.0 = Release|Any CPU
		{EC3E9FED-79A0-4E31-A097-871C9C2BA75F}.Debug|Any CPU.ActiveCfg = Debug|Any CPU
		{EC3E9FED-79A0-4E31-A097-871C9C2BA75F}.Debug|Any CPU.Build.0 = Debug|Any CPU
		{EC3E9FED-79A0-4E31-A097-871C9C2BA75F}.Release|Any CPU.ActiveCfg = Release|Any CPU
		{EC3E9FED-79A0-4E31-A097-871C9C2BA75F}.Release|Any CPU.Build.0 = Release|Any CPU
		{4CA88E54-131C-49D7-9EE0-8602475F331E}.Debug|Any CPU.ActiveCfg = Debug|Any CPU
		{4CA88E54-131C-49D7-9EE0-8602475F331E}.Debug|Any CPU.Build.0 = Debug|Any CPU
		{4CA88E54-131C-49D7-9EE0-8602475F331E}.Release|Any CPU.ActiveCfg = Release|Any CPU
		{4CA88E54-131C-49D7-9EE0-8602475F331E}.Release|Any CPU.Build.0 = Release|Any CPU
		{6BDE31B8-DCAE-4B24-BF58-B8BB77FA8680}.Debug|Any CPU.ActiveCfg = Debug|Any CPU
		{6BDE31B8-DCAE-4B24-BF58-B8BB77FA8680}.Debug|Any CPU.Build.0 = Debug|Any CPU
		{6BDE31B8-DCAE-4B24-BF58-B8BB77FA8680}.Release|Any CPU.ActiveCfg = Release|Any CPU
		{6BDE31B8-DCAE-4B24-BF58-B8BB77FA8680}.Release|Any CPU.Build.0 = Release|Any CPU
		{9C8D9D60-F3FC-484D-BA1E-C8060BC19C4C}.Debug|Any CPU.ActiveCfg = Debug|Any CPU
		{9C8D9D60-F3FC-484D-BA1E-C8060BC19C4C}.Debug|Any CPU.Build.0 = Debug|Any CPU
		{9C8D9D60-F3FC-484D-BA1E-C8060BC19C4C}.Release|Any CPU.ActiveCfg = Release|Any CPU
		{9C8D9D60-F3FC-484D-BA1E-C8060BC19C4C}.Release|Any CPU.Build.0 = Release|Any CPU
		{353F3B7A-68CE-4C5B-886A-6B951DF4951B}.Debug|Any CPU.ActiveCfg = Debug|Any CPU
		{353F3B7A-68CE-4C5B-886A-6B951DF4951B}.Debug|Any CPU.Build.0 = Debug|Any CPU
		{353F3B7A-68CE-4C5B-886A-6B951DF4951B}.Release|Any CPU.ActiveCfg = Release|Any CPU
		{353F3B7A-68CE-4C5B-886A-6B951DF4951B}.Release|Any CPU.Build.0 = Release|Any CPU
		{ADB39A30-55F0-4AA7-95E3-E1323D881F89}.Debug|Any CPU.ActiveCfg = Debug|Any CPU
		{ADB39A30-55F0-4AA7-95E3-E1323D881F89}.Debug|Any CPU.Build.0 = Debug|Any CPU
		{ADB39A30-55F0-4AA7-95E3-E1323D881F89}.Release|Any CPU.ActiveCfg = Release|Any CPU
		{ADB39A30-55F0-4AA7-95E3-E1323D881F89}.Release|Any CPU.Build.0 = Release|Any CPU
	EndGlobalSection
	GlobalSection(SolutionProperties) = preSolution
		HideSolutionNode = FALSE
	EndGlobalSection
	GlobalSection(ExtensibilityGlobals) = postSolution
		SolutionGuid = {81C217BB-16B9-4945-BF25-8E519F4F7850}
	EndGlobalSection
EndGlobal
