
Microsoft Visual Studio Solution File, Format Version 12.00
# Visual Studio Version 16
VisualStudioVersion = 16.0.31129.286
MinimumVisualStudioVersion = 10.0.40219.1
Project("{FAE04EC0-301F-11D3-BF4B-00C04F79EFBC}") = "SkpJobCrawler", "SkpJobCrawler\SkpJobCrawler.csproj", "{155D28A4-512F-4EF3-A668-0489B0B2A127}"
EndProject
Global
	GlobalSection(SolutionConfigurationPlatforms) = preSolution
		Debug|Any CPU = Debug|Any CPU
		Release|Any CPU = Release|Any CPU
	EndGlobalSection
	GlobalSection(ProjectConfigurationPlatforms) = postSolution
		{155D28A4-512F-4EF3-A668-0489B0B2A127}.Debug|Any CPU.ActiveCfg = Debug|Any CPU
		{155D28A4-512F-4EF3-A668-0489B0B2A127}.Debug|Any CPU.Build.0 = Debug|Any CPU
		{155D28A4-512F-4EF3-A668-0489B0B2A127}.Release|Any CPU.ActiveCfg = Release|Any CPU
		{155D28A4-512F-4EF3-A668-0489B0B2A127}.Release|Any CPU.Build.0 = Release|Any CPU
	EndGlobalSection
	GlobalSection(SolutionProperties) = preSolution
		HideSolutionNode = FALSE
	EndGlobalSection
	GlobalSection(ExtensibilityGlobals) = postSolution
		SolutionGuid = {CEDEB8CF-ECA6-4911-AD83-EDA388899B1B}
	EndGlobalSection
EndGlobal
